
Microsoft Visual Studio Solution File, Format Version 12.00
# Visual Studio 15
VisualStudioVersion = 15.0.28307.539
MinimumVisualStudioVersion = 10.0.40219.1
Project("{9A19103F-16F7-4668-BE54-9A1E7A4F7556}") = "SyntaxError.V2.Modell", "SyntaxError.V2.Model\SyntaxError.V2.Modell.csproj", "{A7050338-B932-4269-AB08-3E82F793EAE5}"
EndProject
Project("{9A19103F-16F7-4668-BE54-9A1E7A4F7556}") = "SyntaxError.V2.DataAccess", "SyntaxError.V2.DataAccess\SyntaxError.V2.DataAccess.csproj", "{7883B969-6969-49C6-8FC4-3A20D059EABD}"
	ProjectSection(ProjectDependencies) = postProject
		{A7050338-B932-4269-AB08-3E82F793EAE5} = {A7050338-B932-4269-AB08-3E82F793EAE5}
	EndProjectSection
EndProject
Project("{9A19103F-16F7-4668-BE54-9A1E7A4F7556}") = "SyntaxError.V2.DatabaseConfig.ConsoleApp", "SyntaxError.V2.DatabaseConfig.ConsoleApp\SyntaxError.V2.DatabaseConfig.ConsoleApp.csproj", "{9EE2D503-ABBE-4D9F-88FF-05BD188FF62A}"
	ProjectSection(ProjectDependencies) = postProject
		{A7050338-B932-4269-AB08-3E82F793EAE5} = {A7050338-B932-4269-AB08-3E82F793EAE5}
		{7883B969-6969-49C6-8FC4-3A20D059EABD} = {7883B969-6969-49C6-8FC4-3A20D059EABD}
	EndProjectSection
EndProject
Project("{9A19103F-16F7-4668-BE54-9A1E7A4F7556}") = "SyntaxError.V2.DatabaseAPI", "SyntaxError.V2.DatabaseAPI\SyntaxError.V2.DatabaseAPI.csproj", "{2C2E5B46-2EFC-4D07-8C92-9F463519E650}"
	ProjectSection(ProjectDependencies) = postProject
		{A7050338-B932-4269-AB08-3E82F793EAE5} = {A7050338-B932-4269-AB08-3E82F793EAE5}
		{7883B969-6969-49C6-8FC4-3A20D059EABD} = {7883B969-6969-49C6-8FC4-3A20D059EABD}
	EndProjectSection
EndProject
Project("{FAE04EC0-301F-11D3-BF4B-00C04F79EFBC}") = "SyntaxError.V2.App", "SyntaxError.V2.App\SyntaxError.V2.App.csproj", "{5C4297E1-AC5F-4328-8E28-CC48608A97E2}"
	ProjectSection(ProjectDependencies) = postProject
		{A7050338-B932-4269-AB08-3E82F793EAE5} = {A7050338-B932-4269-AB08-3E82F793EAE5}
	EndProjectSection
EndProject
Project("{9A19103F-16F7-4668-BE54-9A1E7A4F7556}") = "SyntaxError.V2.App.Core", "SyntaxError.V2.App.Core\SyntaxError.V2.App.Core.csproj", "{86CE3FD0-782E-4E96-9F4D-9A1B7378ED9E}"
EndProject
Project("{FAE04EC0-301F-11D3-BF4B-00C04F79EFBC}") = "SyntaxError.V2.ImageAPI", "SyntaxError.V2.ImageAPI\SyntaxError.V2.ImageAPI.csproj", "{682DB873-580A-4AF2-9BAF-8035C6D5902D}"
EndProject
Global
	GlobalSection(SolutionConfigurationPlatforms) = preSolution
		Debug|Any CPU = Debug|Any CPU
		Debug|ARM = Debug|ARM
		Debug|x64 = Debug|x64
		Debug|x86 = Debug|x86
		Release|Any CPU = Release|Any CPU
		Release|ARM = Release|ARM
		Release|x64 = Release|x64
		Release|x86 = Release|x86
	EndGlobalSection
	GlobalSection(ProjectConfigurationPlatforms) = postSolution
		{A7050338-B932-4269-AB08-3E82F793EAE5}.Debug|Any CPU.ActiveCfg = Debug|Any CPU
		{A7050338-B932-4269-AB08-3E82F793EAE5}.Debug|Any CPU.Build.0 = Debug|Any CPU
		{A7050338-B932-4269-AB08-3E82F793EAE5}.Debug|ARM.ActiveCfg = Debug|Any CPU
		{A7050338-B932-4269-AB08-3E82F793EAE5}.Debug|ARM.Build.0 = Debug|Any CPU
		{A7050338-B932-4269-AB08-3E82F793EAE5}.Debug|x64.ActiveCfg = Debug|Any CPU
		{A7050338-B932-4269-AB08-3E82F793EAE5}.Debug|x64.Build.0 = Debug|Any CPU
		{A7050338-B932-4269-AB08-3E82F793EAE5}.Debug|x86.ActiveCfg = Debug|Any CPU
		{A7050338-B932-4269-AB08-3E82F793EAE5}.Debug|x86.Build.0 = Debug|Any CPU
		{A7050338-B932-4269-AB08-3E82F793EAE5}.Release|Any CPU.ActiveCfg = Release|Any CPU
		{A7050338-B932-4269-AB08-3E82F793EAE5}.Release|Any CPU.Build.0 = Release|Any CPU
		{A7050338-B932-4269-AB08-3E82F793EAE5}.Release|ARM.ActiveCfg = Release|Any CPU
		{A7050338-B932-4269-AB08-3E82F793EAE5}.Release|ARM.Build.0 = Release|Any CPU
		{A7050338-B932-4269-AB08-3E82F793EAE5}.Release|x64.ActiveCfg = Release|Any CPU
		{A7050338-B932-4269-AB08-3E82F793EAE5}.Release|x64.Build.0 = Release|Any CPU
		{A7050338-B932-4269-AB08-3E82F793EAE5}.Release|x86.ActiveCfg = Release|Any CPU
		{A7050338-B932-4269-AB08-3E82F793EAE5}.Release|x86.Build.0 = Release|Any CPU
		{7883B969-6969-49C6-8FC4-3A20D059EABD}.Debug|Any CPU.ActiveCfg = Debug|Any CPU
		{7883B969-6969-49C6-8FC4-3A20D059EABD}.Debug|Any CPU.Build.0 = Debug|Any CPU
		{7883B969-6969-49C6-8FC4-3A20D059EABD}.Debug|ARM.ActiveCfg = Debug|Any CPU
		{7883B969-6969-49C6-8FC4-3A20D059EABD}.Debug|ARM.Build.0 = Debug|Any CPU
		{7883B969-6969-49C6-8FC4-3A20D059EABD}.Debug|x64.ActiveCfg = Debug|Any CPU
		{7883B969-6969-49C6-8FC4-3A20D059EABD}.Debug|x64.Build.0 = Debug|Any CPU
		{7883B969-6969-49C6-8FC4-3A20D059EABD}.Debug|x86.ActiveCfg = Debug|Any CPU
		{7883B969-6969-49C6-8FC4-3A20D059EABD}.Debug|x86.Build.0 = Debug|Any CPU
		{7883B969-6969-49C6-8FC4-3A20D059EABD}.Release|Any CPU.ActiveCfg = Release|Any CPU
		{7883B969-6969-49C6-8FC4-3A20D059EABD}.Release|Any CPU.Build.0 = Release|Any CPU
		{7883B969-6969-49C6-8FC4-3A20D059EABD}.Release|ARM.ActiveCfg = Release|Any CPU
		{7883B969-6969-49C6-8FC4-3A20D059EABD}.Release|ARM.Build.0 = Release|Any CPU
		{7883B969-6969-49C6-8FC4-3A20D059EABD}.Release|x64.ActiveCfg = Release|Any CPU
		{7883B969-6969-49C6-8FC4-3A20D059EABD}.Release|x64.Build.0 = Release|Any CPU
		{7883B969-6969-49C6-8FC4-3A20D059EABD}.Release|x86.ActiveCfg = Release|Any CPU
		{7883B969-6969-49C6-8FC4-3A20D059EABD}.Release|x86.Build.0 = Release|Any CPU
		{9EE2D503-ABBE-4D9F-88FF-05BD188FF62A}.Debug|Any CPU.ActiveCfg = Debug|Any CPU
		{9EE2D503-ABBE-4D9F-88FF-05BD188FF62A}.Debug|Any CPU.Build.0 = Debug|Any CPU
		{9EE2D503-ABBE-4D9F-88FF-05BD188FF62A}.Debug|ARM.ActiveCfg = Debug|Any CPU
		{9EE2D503-ABBE-4D9F-88FF-05BD188FF62A}.Debug|ARM.Build.0 = Debug|Any CPU
		{9EE2D503-ABBE-4D9F-88FF-05BD188FF62A}.Debug|x64.ActiveCfg = Debug|Any CPU
		{9EE2D503-ABBE-4D9F-88FF-05BD188FF62A}.Debug|x64.Build.0 = Debug|Any CPU
		{9EE2D503-ABBE-4D9F-88FF-05BD188FF62A}.Debug|x86.ActiveCfg = Debug|Any CPU
		{9EE2D503-ABBE-4D9F-88FF-05BD188FF62A}.Debug|x86.Build.0 = Debug|Any CPU
		{9EE2D503-ABBE-4D9F-88FF-05BD188FF62A}.Release|Any CPU.ActiveCfg = Release|Any CPU
		{9EE2D503-ABBE-4D9F-88FF-05BD188FF62A}.Release|Any CPU.Build.0 = Release|Any CPU
		{9EE2D503-ABBE-4D9F-88FF-05BD188FF62A}.Release|ARM.ActiveCfg = Release|Any CPU
		{9EE2D503-ABBE-4D9F-88FF-05BD188FF62A}.Release|ARM.Build.0 = Release|Any CPU
		{9EE2D503-ABBE-4D9F-88FF-05BD188FF62A}.Release|x64.ActiveCfg = Release|Any CPU
		{9EE2D503-ABBE-4D9F-88FF-05BD188FF62A}.Release|x64.Build.0 = Release|Any CPU
		{9EE2D503-ABBE-4D9F-88FF-05BD188FF62A}.Release|x86.ActiveCfg = Release|Any CPU
		{9EE2D503-ABBE-4D9F-88FF-05BD188FF62A}.Release|x86.Build.0 = Release|Any CPU
		{2C2E5B46-2EFC-4D07-8C92-9F463519E650}.Debug|Any CPU.ActiveCfg = Debug|Any CPU
		{2C2E5B46-2EFC-4D07-8C92-9F463519E650}.Debug|Any CPU.Build.0 = Debug|Any CPU
		{2C2E5B46-2EFC-4D07-8C92-9F463519E650}.Debug|ARM.ActiveCfg = Debug|Any CPU
		{2C2E5B46-2EFC-4D07-8C92-9F463519E650}.Debug|ARM.Build.0 = Debug|Any CPU
		{2C2E5B46-2EFC-4D07-8C92-9F463519E650}.Debug|x64.ActiveCfg = Debug|Any CPU
		{2C2E5B46-2EFC-4D07-8C92-9F463519E650}.Debug|x64.Build.0 = Debug|Any CPU
		{2C2E5B46-2EFC-4D07-8C92-9F463519E650}.Debug|x86.ActiveCfg = Debug|Any CPU
		{2C2E5B46-2EFC-4D07-8C92-9F463519E650}.Debug|x86.Build.0 = Debug|Any CPU
		{2C2E5B46-2EFC-4D07-8C92-9F463519E650}.Release|Any CPU.ActiveCfg = Release|Any CPU
		{2C2E5B46-2EFC-4D07-8C92-9F463519E650}.Release|Any CPU.Build.0 = Release|Any CPU
		{2C2E5B46-2EFC-4D07-8C92-9F463519E650}.Release|ARM.ActiveCfg = Release|Any CPU
		{2C2E5B46-2EFC-4D07-8C92-9F463519E650}.Release|ARM.Build.0 = Release|Any CPU
		{2C2E5B46-2EFC-4D07-8C92-9F463519E650}.Release|x64.ActiveCfg = Release|Any CPU
		{2C2E5B46-2EFC-4D07-8C92-9F463519E650}.Release|x64.Build.0 = Release|Any CPU
		{2C2E5B46-2EFC-4D07-8C92-9F463519E650}.Release|x86.ActiveCfg = Release|Any CPU
		{2C2E5B46-2EFC-4D07-8C92-9F463519E650}.Release|x86.Build.0 = Release|Any CPU
		{5C4297E1-AC5F-4328-8E28-CC48608A97E2}.Debug|Any CPU.ActiveCfg = Debug|x86
		{5C4297E1-AC5F-4328-8E28-CC48608A97E2}.Debug|ARM.ActiveCfg = Debug|ARM
		{5C4297E1-AC5F-4328-8E28-CC48608A97E2}.Debug|ARM.Build.0 = Debug|ARM
		{5C4297E1-AC5F-4328-8E28-CC48608A97E2}.Debug|ARM.Deploy.0 = Debug|ARM
		{5C4297E1-AC5F-4328-8E28-CC48608A97E2}.Debug|x64.ActiveCfg = Debug|x64
		{5C4297E1-AC5F-4328-8E28-CC48608A97E2}.Debug|x64.Build.0 = Debug|x64
		{5C4297E1-AC5F-4328-8E28-CC48608A97E2}.Debug|x64.Deploy.0 = Debug|x64
		{5C4297E1-AC5F-4328-8E28-CC48608A97E2}.Debug|x86.ActiveCfg = Debug|x86
		{5C4297E1-AC5F-4328-8E28-CC48608A97E2}.Debug|x86.Build.0 = Debug|x86
		{5C4297E1-AC5F-4328-8E28-CC48608A97E2}.Debug|x86.Deploy.0 = Debug|x86
		{5C4297E1-AC5F-4328-8E28-CC48608A97E2}.Release|Any CPU.ActiveCfg = Release|x86
		{5C4297E1-AC5F-4328-8E28-CC48608A97E2}.Release|ARM.ActiveCfg = Release|ARM
		{5C4297E1-AC5F-4328-8E28-CC48608A97E2}.Release|ARM.Build.0 = Release|ARM
		{5C4297E1-AC5F-4328-8E28-CC48608A97E2}.Release|ARM.Deploy.0 = Release|ARM
		{5C4297E1-AC5F-4328-8E28-CC48608A97E2}.Release|x64.ActiveCfg = Release|x64
		{5C4297E1-AC5F-4328-8E28-CC48608A97E2}.Release|x64.Build.0 = Release|x64
		{5C4297E1-AC5F-4328-8E28-CC48608A97E2}.Release|x64.Deploy.0 = Release|x64
		{5C4297E1-AC5F-4328-8E28-CC48608A97E2}.Release|x86.ActiveCfg = Release|x86
		{5C4297E1-AC5F-4328-8E28-CC48608A97E2}.Release|x86.Build.0 = Release|x86
		{5C4297E1-AC5F-4328-8E28-CC48608A97E2}.Release|x86.Deploy.0 = Release|x86
		{86CE3FD0-782E-4E96-9F4D-9A1B7378ED9E}.Debug|Any CPU.ActiveCfg = Debug|Any CPU
		{86CE3FD0-782E-4E96-9F4D-9A1B7378ED9E}.Debug|Any CPU.Build.0 = Debug|Any CPU
		{86CE3FD0-782E-4E96-9F4D-9A1B7378ED9E}.Debug|ARM.ActiveCfg = Debug|Any CPU
		{86CE3FD0-782E-4E96-9F4D-9A1B7378ED9E}.Debug|ARM.Build.0 = Debug|Any CPU
		{86CE3FD0-782E-4E96-9F4D-9A1B7378ED9E}.Debug|x64.ActiveCfg = Debug|Any CPU
		{86CE3FD0-782E-4E96-9F4D-9A1B7378ED9E}.Debug|x64.Build.0 = Debug|Any CPU
		{86CE3FD0-782E-4E96-9F4D-9A1B7378ED9E}.Debug|x86.ActiveCfg = Debug|Any CPU
		{86CE3FD0-782E-4E96-9F4D-9A1B7378ED9E}.Debug|x86.Build.0 = Debug|Any CPU
		{86CE3FD0-782E-4E96-9F4D-9A1B7378ED9E}.Release|Any CPU.ActiveCfg = Release|Any CPU
		{86CE3FD0-782E-4E96-9F4D-9A1B7378ED9E}.Release|Any CPU.Build.0 = Release|Any CPU
		{86CE3FD0-782E-4E96-9F4D-9A1B7378ED9E}.Release|ARM.ActiveCfg = Release|Any CPU
		{86CE3FD0-782E-4E96-9F4D-9A1B7378ED9E}.Release|ARM.Build.0 = Release|Any CPU
		{86CE3FD0-782E-4E96-9F4D-9A1B7378ED9E}.Release|x64.ActiveCfg = Release|Any CPU
		{86CE3FD0-782E-4E96-9F4D-9A1B7378ED9E}.Release|x64.Build.0 = Release|Any CPU
		{86CE3FD0-782E-4E96-9F4D-9A1B7378ED9E}.Release|x86.ActiveCfg = Release|Any CPU
		{86CE3FD0-782E-4E96-9F4D-9A1B7378ED9E}.Release|x86.Build.0 = Release|Any CPU
		{682DB873-580A-4AF2-9BAF-8035C6D5902D}.Debug|Any CPU.ActiveCfg = Debug|Any CPU
		{682DB873-580A-4AF2-9BAF-8035C6D5902D}.Debug|Any CPU.Build.0 = Debug|Any CPU
		{682DB873-580A-4AF2-9BAF-8035C6D5902D}.Debug|ARM.ActiveCfg = Debug|Any CPU
		{682DB873-580A-4AF2-9BAF-8035C6D5902D}.Debug|ARM.Build.0 = Debug|Any CPU
		{682DB873-580A-4AF2-9BAF-8035C6D5902D}.Debug|x64.ActiveCfg = Debug|Any CPU
		{682DB873-580A-4AF2-9BAF-8035C6D5902D}.Debug|x64.Build.0 = Debug|Any CPU
		{682DB873-580A-4AF2-9BAF-8035C6D5902D}.Debug|x86.ActiveCfg = Debug|Any CPU
		{682DB873-580A-4AF2-9BAF-8035C6D5902D}.Debug|x86.Build.0 = Debug|Any CPU
		{682DB873-580A-4AF2-9BAF-8035C6D5902D}.Release|Any CPU.ActiveCfg = Release|Any CPU
		{682DB873-580A-4AF2-9BAF-8035C6D5902D}.Release|Any CPU.Build.0 = Release|Any CPU
		{682DB873-580A-4AF2-9BAF-8035C6D5902D}.Release|ARM.ActiveCfg = Release|Any CPU
		{682DB873-580A-4AF2-9BAF-8035C6D5902D}.Release|ARM.Build.0 = Release|Any CPU
		{682DB873-580A-4AF2-9BAF-8035C6D5902D}.Release|x64.ActiveCfg = Release|Any CPU
		{682DB873-580A-4AF2-9BAF-8035C6D5902D}.Release|x64.Build.0 = Release|Any CPU
		{682DB873-580A-4AF2-9BAF-8035C6D5902D}.Release|x86.ActiveCfg = Release|Any CPU
		{682DB873-580A-4AF2-9BAF-8035C6D5902D}.Release|x86.Build.0 = Release|Any CPU
	EndGlobalSection
	GlobalSection(SolutionProperties) = preSolution
		HideSolutionNode = FALSE
	EndGlobalSection
	GlobalSection(ExtensibilityGlobals) = postSolution
		SolutionGuid = {1DFA23DD-666A-4780-BF88-5326498E2B98}
	EndGlobalSection
EndGlobal
